
Microsoft Visual Studio Solution File, Format Version 12.00
# Visual Studio Version 17
VisualStudioVersion = 17.7.34202.233
MinimumVisualStudioVersion = 10.0.40219.1
Project("{FAE04EC0-301F-11D3-BF4B-00C04F79EFBC}") = "TypesAndVariables", "TypesAndVariables\TypesAndVariables.csproj", "{9DE4722A-4D9E-4C45-BB9C-DC3216524042}"
EndProject
Project("{FAE04EC0-301F-11D3-BF4B-00C04F79EFBC}") = "Conditionals", "Conditionals\Conditionals.csproj", "{1F043DD2-43A5-4117-B54E-EEF39C5EAF41}"
EndProject
Project("{FAE04EC0-301F-11D3-BF4B-00C04F79EFBC}") = "Methods", "Methods\Methods.csproj", "{BE2B648A-47BF-46CF-899F-6D5C4FF47482}"
EndProject
Project("{FAE04EC0-301F-11D3-BF4B-00C04F79EFBC}") = "Arrays", "Arrays\Arrays.csproj", "{4FB5611E-47E0-4C31-B33F-1E5B27CEBEE7}"
EndProject
Project("{FAE04EC0-301F-11D3-BF4B-00C04F79EFBC}") = "Loops", "Loops\Loops.csproj", "{410EB4CE-6135-4771-BD99-B5C3F49BF005}"
EndProject
Global
	GlobalSection(SolutionConfigurationPlatforms) = preSolution
		Debug|Any CPU = Debug|Any CPU
		Release|Any CPU = Release|Any CPU
	EndGlobalSection
	GlobalSection(ProjectConfigurationPlatforms) = postSolution
		{9DE4722A-4D9E-4C45-BB9C-DC3216524042}.Debug|Any CPU.ActiveCfg = Debug|Any CPU
		{9DE4722A-4D9E-4C45-BB9C-DC3216524042}.Debug|Any CPU.Build.0 = Debug|Any CPU
		{9DE4722A-4D9E-4C45-BB9C-DC3216524042}.Release|Any CPU.ActiveCfg = Release|Any CPU
		{9DE4722A-4D9E-4C45-BB9C-DC3216524042}.Release|Any CPU.Build.0 = Release|Any CPU
		{1F043DD2-43A5-4117-B54E-EEF39C5EAF41}.Debug|Any CPU.ActiveCfg = Debug|Any CPU
		{1F043DD2-43A5-4117-B54E-EEF39C5EAF41}.Debug|Any CPU.Build.0 = Debug|Any CPU
		{1F043DD2-43A5-4117-B54E-EEF39C5EAF41}.Release|Any CPU.ActiveCfg = Release|Any CPU
		{1F043DD2-43A5-4117-B54E-EEF39C5EAF41}.Release|Any CPU.Build.0 = Release|Any CPU
		{BE2B648A-47BF-46CF-899F-6D5C4FF47482}.Debug|Any CPU.ActiveCfg = Debug|Any CPU
		{BE2B648A-47BF-46CF-899F-6D5C4FF47482}.Debug|Any CPU.Build.0 = Debug|Any CPU
		{BE2B648A-47BF-46CF-899F-6D5C4FF47482}.Release|Any CPU.ActiveCfg = Release|Any CPU
		{BE2B648A-47BF-46CF-899F-6D5C4FF47482}.Release|Any CPU.Build.0 = Release|Any CPU
		{4FB5611E-47E0-4C31-B33F-1E5B27CEBEE7}.Debug|Any CPU.ActiveCfg = Debug|Any CPU
		{4FB5611E-47E0-4C31-B33F-1E5B27CEBEE7}.Debug|Any CPU.Build.0 = Debug|Any CPU
		{4FB5611E-47E0-4C31-B33F-1E5B27CEBEE7}.Release|Any CPU.ActiveCfg = Release|Any CPU
		{4FB5611E-47E0-4C31-B33F-1E5B27CEBEE7}.Release|Any CPU.Build.0 = Release|Any CPU
		{410EB4CE-6135-4771-BD99-B5C3F49BF005}.Debug|Any CPU.ActiveCfg = Debug|Any CPU
		{410EB4CE-6135-4771-BD99-B5C3F49BF005}.Debug|Any CPU.Build.0 = Debug|Any CPU
		{410EB4CE-6135-4771-BD99-B5C3F49BF005}.Release|Any CPU.ActiveCfg = Release|Any CPU
		{410EB4CE-6135-4771-BD99-B5C3F49BF005}.Release|Any CPU.Build.0 = Release|Any CPU
	EndGlobalSection
	GlobalSection(SolutionProperties) = preSolution
		HideSolutionNode = FALSE
	EndGlobalSection
	GlobalSection(ExtensibilityGlobals) = postSolution
		SolutionGuid = {36F23D38-B675-4EE5-AF72-65A99384A498}
	EndGlobalSection
EndGlobal
